
Microsoft Visual Studio Solution File, Format Version 12.00
# Visual Studio Version 17
VisualStudioVersion = 17.14.36202.13 d17.14
MinimumVisualStudioVersion = 10.0.40219.1
Project("{FAE04EC0-301F-11D3-BF4B-00C04F79EFBC}") = "1.WorkingMVC", "1.WorkingMVC\1.WorkingMVC.csproj", "{96759690-1850-4BBA-9B44-994B0E91D1E3}"
EndProject
Global
	GlobalSection(SolutionConfigurationPlatforms) = preSolution
		Debug|Any CPU = Debug|Any CPU
		Release|Any CPU = Release|Any CPU
	EndGlobalSection
	GlobalSection(ProjectConfigurationPlatforms) = postSolution
		{96759690-1850-4BBA-9B44-994B0E91D1E3}.Debug|Any CPU.ActiveCfg = Debug|Any CPU
		{96759690-1850-4BBA-9B44-994B0E91D1E3}.Debug|Any CPU.Build.0 = Debug|Any CPU
		{96759690-1850-4BBA-9B44-994B0E91D1E3}.Release|Any CPU.ActiveCfg = Release|Any CPU
		{96759690-1850-4BBA-9B44-994B0E91D1E3}.Release|Any CPU.Build.0 = Release|Any CPU
	EndGlobalSection
	GlobalSection(SolutionProperties) = preSolution
		HideSolutionNode = FALSE
	EndGlobalSection
	GlobalSection(ExtensibilityGlobals) = postSolution
		SolutionGuid = {1A916200-58A2-49E8-BEA2-E754E7017FBA}
	EndGlobalSection
EndGlobal
